<?xml version="1.0" encoding="utf-8"?>
<Project ToolsVersion="15.0" xmlns="http://schemas.microsoft.com/developer/msbuild/2003">
  <ItemGroup>
    <CustomBuild Include="D:\source_codes\zip\cpp\example-cpp11-cmake-master\CMakeFiles\3e06b42800f674c289538944ddd0c4f2\RUN_TESTS_force.rule">
      <Filter>CMake Rules</Filter>
    </CustomBuild>
  </ItemGroup>
  <ItemGroup>
    <Filter Include="CMake Rules">
      <UniqueIdentifier>{7A51739F-1496-34FB-BE0F-92771C030F27}</UniqueIdentifier>
    </Filter>
  </ItemGroup>
</Project>
